
Microsoft Visual Studio Solution File, Format Version 12.00
# Visual Studio Version 17
VisualStudioVersion = 17.1.32319.34
MinimumVisualStudioVersion = 10.0.40219.1
Project("{9A19103F-16F7-4668-BE54-9A1E7A4F7556}") = "ImitationShop.Api", "ImitationShop.Api\ImitationShop.Api.csproj", "{65CE416A-F208-49CE-AB2E-102E4092A150}"
EndProject
Project("{9A19103F-16F7-4668-BE54-9A1E7A4F7556}") = "ImitationShop.Model", "ImitationShop.Model\ImitationShop.Model.csproj", "{478A1744-A213-4FEB-83FA-E66EC606B6BA}"
EndProject
Project("{9A19103F-16F7-4668-BE54-9A1E7A4F7556}") = "ImitationShop.Repository", "ImitationShop.Repository\ImitationShop.Repository.csproj", "{927DFDE4-9E29-47F7-BFD6-174FFD9D0047}"
EndProject
Project("{FAE04EC0-301F-11D3-BF4B-00C04F79EFBC}") = "ImitationShop.Services", "ImitationShop.Services\ImitationShop.Services.csproj", "{36DC8208-8E43-4A92-9550-571453CA6428}"
EndProject
Global
	GlobalSection(SolutionConfigurationPlatforms) = preSolution
		Debug|Any CPU = Debug|Any CPU
		Release|Any CPU = Release|Any CPU
	EndGlobalSection
	GlobalSection(ProjectConfigurationPlatforms) = postSolution
		{65CE416A-F208-49CE-AB2E-102E4092A150}.Debug|Any CPU.ActiveCfg = Debug|Any CPU
		{65CE416A-F208-49CE-AB2E-102E4092A150}.Debug|Any CPU.Build.0 = Debug|Any CPU
		{65CE416A-F208-49CE-AB2E-102E4092A150}.Release|Any CPU.ActiveCfg = Release|Any CPU
		{65CE416A-F208-49CE-AB2E-102E4092A150}.Release|Any CPU.Build.0 = Release|Any CPU
		{478A1744-A213-4FEB-83FA-E66EC606B6BA}.Debug|Any CPU.ActiveCfg = Debug|Any CPU
		{478A1744-A213-4FEB-83FA-E66EC606B6BA}.Debug|Any CPU.Build.0 = Debug|Any CPU
		{478A1744-A213-4FEB-83FA-E66EC606B6BA}.Release|Any CPU.ActiveCfg = Release|Any CPU
		{478A1744-A213-4FEB-83FA-E66EC606B6BA}.Release|Any CPU.Build.0 = Release|Any CPU
		{927DFDE4-9E29-47F7-BFD6-174FFD9D0047}.Debug|Any CPU.ActiveCfg = Debug|Any CPU
		{927DFDE4-9E29-47F7-BFD6-174FFD9D0047}.Debug|Any CPU.Build.0 = Debug|Any CPU
		{927DFDE4-9E29-47F7-BFD6-174FFD9D0047}.Release|Any CPU.ActiveCfg = Release|Any CPU
		{927DFDE4-9E29-47F7-BFD6-174FFD9D0047}.Release|Any CPU.Build.0 = Release|Any CPU
		{36DC8208-8E43-4A92-9550-571453CA6428}.Debug|Any CPU.ActiveCfg = Debug|Any CPU
		{36DC8208-8E43-4A92-9550-571453CA6428}.Debug|Any CPU.Build.0 = Debug|Any CPU
		{36DC8208-8E43-4A92-9550-571453CA6428}.Release|Any CPU.ActiveCfg = Release|Any CPU
		{36DC8208-8E43-4A92-9550-571453CA6428}.Release|Any CPU.Build.0 = Release|Any CPU
	EndGlobalSection
	GlobalSection(SolutionProperties) = preSolution
		HideSolutionNode = FALSE
	EndGlobalSection
	GlobalSection(ExtensibilityGlobals) = postSolution
		SolutionGuid = {0445B3EB-A6B6-42FA-8029-7168B133ABF8}
	EndGlobalSection
EndGlobal
